{
    "_readme": [
        "This file locks the dependencies of your project to a known state",
        "Read more about it at https://getcomposer.org/doc/01-basic-usage.md#installing-dependencies",
        "This file is @generated automatically"
    ],
    "content-hash": "41441dc94e466d5f1dfe766a2fe44037",
    "packages": [
        {
            "name": "cerdic/css-tidy",
            "version": "v1.5.7",
            "source": {
                "type": "git",
                "url": "https://github.com/Cerdic/CSSTidy.git",
                "reference": "226bca013a4dc58b6471931564c6b568af2b66e9"
            },
            "dist": {
                "type": "zip",
                "url": "https://api.github.com/repos/Cerdic/CSSTidy/zipball/226bca013a4dc58b6471931564c6b568af2b66e9",
                "reference": "226bca013a4dc58b6471931564c6b568af2b66e9",
                "shasum": ""
            },
            "require-dev": {
                "pear/text_diff": "^1.2",
                "simpletest/simpletest": "^1.1"
            },
            "type": "library",
            "autoload": {
                "classmap": [
                    "class.csstidy_optimise.php",
                    "class.csstidy_print.php",
                    "class.csstidy.php"
                ]
            },
            "notification-url": "https://packagist.org/downloads/",
            "license": [
                "LGPL-2.1-or-later"
            ],
            "authors": [
                {
                    "name": "Cédric MORIN",
                    "email": "changeme@mailinator.com"
                }
            ],
            "description": "CSSTidy is a CSS minifier",
            "time": "2018-04-10T09:09:46+00:00"
        }
    ],
    "packages-dev": [
        {
            "name": "biblibre/omeka-s-test-helper",
            "version": "dev-master",
            "source": {
                "type": "git",
                "url": "https://github.com/biblibre/omeka-s-test-helper.git",
                "reference": "a02c8dc4259365f7de1d09626a97347ba19cbf6e"
            },
            "dist": {
                "type": "zip",
                "url": "https://api.github.com/repos/biblibre/omeka-s-test-helper/zipball/a02c8dc4259365f7de1d09626a97347ba19cbf6e",
                "reference": "a02c8dc4259365f7de1d09626a97347ba19cbf6e",
                "shasum": ""
            },
            "require": {
                "php": ">=5.5.0"
            },
            "type": "library",
            "autoload": {
                "psr-4": {
                    "OmekaTestHelper\\": "src/"
                }
            },
            "notification-url": "https://packagist.org/downloads/",
            "license": [
                "MIT"
            ],
            "description": "Test helpers for Omeka S",
            "homepage": "https://github.com/biblibre/omeka-s-test-helper",
            "keywords": [
                "omeka",
                "test"
            ],
            "time": "2016-09-22T16:40:26+00:00"
        }
    ],
    "aliases": [],
    "minimum-stability": "stable",
    "stability-flags": {
        "biblibre/omeka-s-test-helper": 20
    },
    "prefer-stable": false,
    "prefer-lowest": false,
    "platform": [],
    "platform-dev": []
}
